
Microsoft Visual Studio Solution File, Format Version 12.00
Project("{FAE04EC0-301F-11D3-BF4B-00C04F79EFBC}") = "Weblog.Domain", "Weblog.Domain\Weblog.Domain.csproj", "{8BE9CDBE-CA59-4E1A-8E74-3F9932E7ABFC}"
EndProject
Project("{FAE04EC0-301F-11D3-BF4B-00C04F79EFBC}") = "Weblog.Application", "Weblog.Application\Weblog.Application.csproj", "{E1D6E555-7C07-4BA4-9A81-9FE301F0D2CF}"
EndProject
Project("{2150E333-8FDC-42A3-9474-1A3956D46DE8}") = "tests", "tests", "{0FF0909E-5B9C-4B29-8C60-75E61484C413}"
EndProject
Project("{FAE04EC0-301F-11D3-BF4B-00C04F79EFBC}") = "Weblog.Application.UnitTests", "tests\Weblog.Application.UnitTests\Weblog.Application.UnitTests.csproj", "{33D639D0-CEC9-4775-B9FC-2A5436E34DA8}"
EndProject
Project("{FAE04EC0-301F-11D3-BF4B-00C04F79EFBC}") = "Weblog.Api", "Weblog.Api\Weblog.Api.csproj", "{59DB4C3E-752A-4951-9F8D-493FDBA98432}"
EndProject
Global
	GlobalSection(SolutionConfigurationPlatforms) = preSolution
		Debug|Any CPU = Debug|Any CPU
		Release|Any CPU = Release|Any CPU
	EndGlobalSection
	GlobalSection(ProjectConfigurationPlatforms) = postSolution
		{8BE9CDBE-CA59-4E1A-8E74-3F9932E7ABFC}.Debug|Any CPU.ActiveCfg = Debug|Any CPU
		{8BE9CDBE-CA59-4E1A-8E74-3F9932E7ABFC}.Debug|Any CPU.Build.0 = Debug|Any CPU
		{8BE9CDBE-CA59-4E1A-8E74-3F9932E7ABFC}.Release|Any CPU.ActiveCfg = Release|Any CPU
		{8BE9CDBE-CA59-4E1A-8E74-3F9932E7ABFC}.Release|Any CPU.Build.0 = Release|Any CPU
		{E1D6E555-7C07-4BA4-9A81-9FE301F0D2CF}.Debug|Any CPU.ActiveCfg = Debug|Any CPU
		{E1D6E555-7C07-4BA4-9A81-9FE301F0D2CF}.Debug|Any CPU.Build.0 = Debug|Any CPU
		{E1D6E555-7C07-4BA4-9A81-9FE301F0D2CF}.Release|Any CPU.ActiveCfg = Release|Any CPU
		{E1D6E555-7C07-4BA4-9A81-9FE301F0D2CF}.Release|Any CPU.Build.0 = Release|Any CPU
		{33D639D0-CEC9-4775-B9FC-2A5436E34DA8}.Debug|Any CPU.ActiveCfg = Debug|Any CPU
		{33D639D0-CEC9-4775-B9FC-2A5436E34DA8}.Debug|Any CPU.Build.0 = Debug|Any CPU
		{33D639D0-CEC9-4775-B9FC-2A5436E34DA8}.Release|Any CPU.ActiveCfg = Release|Any CPU
		{33D639D0-CEC9-4775-B9FC-2A5436E34DA8}.Release|Any CPU.Build.0 = Release|Any CPU
		{59DB4C3E-752A-4951-9F8D-493FDBA98432}.Debug|Any CPU.ActiveCfg = Debug|Any CPU
		{59DB4C3E-752A-4951-9F8D-493FDBA98432}.Debug|Any CPU.Build.0 = Debug|Any CPU
		{59DB4C3E-752A-4951-9F8D-493FDBA98432}.Release|Any CPU.ActiveCfg = Release|Any CPU
		{59DB4C3E-752A-4951-9F8D-493FDBA98432}.Release|Any CPU.Build.0 = Release|Any CPU
	EndGlobalSection
	GlobalSection(NestedProjects) = preSolution
		{33D639D0-CEC9-4775-B9FC-2A5436E34DA8} = {0FF0909E-5B9C-4B29-8C60-75E61484C413}
	EndGlobalSection
EndGlobal
